
Microsoft Visual Studio Solution File, Format Version 12.00
# Visual Studio 15
Project("{FAE04EC0-301F-11D3-BF4B-00C04F79EFBC}") = "Assembly-CSharp", "Assembly-CSharp.csproj", "{5016DD9A-4F1D-3C91-775E-2FF48723E685}"
EndProject
Project("{FAE04EC0-301F-11D3-BF4B-00C04F79EFBC}") = "Assembly-CSharp-Editor", "Assembly-CSharp-Editor.csproj", "{3C78A7BB-4530-002E-E19A-DBDDE39B6C01}"
EndProject
Global
	GlobalSection(SolutionConfigurationPlatforms) = preSolution
		Debug|Any CPU = Debug|Any CPU
		Release|Any CPU = Release|Any CPU
	EndGlobalSection
	GlobalSection(ProjectConfigurationPlatforms) = postSolution
		{5016DD9A-4F1D-3C91-775E-2FF48723E685}.Debug|Any CPU.ActiveCfg = Debug|Any CPU
		{5016DD9A-4F1D-3C91-775E-2FF48723E685}.Debug|Any CPU.Build.0 = Debug|Any CPU
		{5016DD9A-4F1D-3C91-775E-2FF48723E685}.Release|Any CPU.ActiveCfg = Release|Any CPU
		{5016DD9A-4F1D-3C91-775E-2FF48723E685}.Release|Any CPU.Build.0 = Release|Any CPU
		{3C78A7BB-4530-002E-E19A-DBDDE39B6C01}.Debug|Any CPU.ActiveCfg = Debug|Any CPU
		{3C78A7BB-4530-002E-E19A-DBDDE39B6C01}.Debug|Any CPU.Build.0 = Debug|Any CPU
		{3C78A7BB-4530-002E-E19A-DBDDE39B6C01}.Release|Any CPU.ActiveCfg = Release|Any CPU
		{3C78A7BB-4530-002E-E19A-DBDDE39B6C01}.Release|Any CPU.Build.0 = Release|Any CPU
	EndGlobalSection
	GlobalSection(SolutionProperties) = preSolution
		HideSolutionNode = FALSE
	EndGlobalSection
EndGlobal
